
Microsoft Visual Studio Solution File, Format Version 12.00
# Visual Studio Version 17
VisualStudioVersion = 17.1.32407.343
MinimumVisualStudioVersion = 10.0.40219.1
Project("{8BC9CEB8-8B4A-11D0-8D11-00A0C91BC942}") = "openVCB", "openVCB.vcxproj", "{83618B14-8AC5-49C1-B52B-F97AD8B59AEC}"
EndProject
Global
	GlobalSection(SolutionConfigurationPlatforms) = preSolution
		ClangRelease|x64 = ClangRelease|x64
		Debug|x64 = Debug|x64
		IntelShipping|x64 = IntelShipping|x64
		oneAPIRelease|x64 = oneAPIRelease|x64
		Release|x64 = Release|x64
	EndGlobalSection
	GlobalSection(ProjectConfigurationPlatforms) = postSolution
		{83618B14-8AC5-49C1-B52B-F97AD8B59AEC}.ClangRelease|x64.ActiveCfg = ClangRelease|x64
		{83618B14-8AC5-49C1-B52B-F97AD8B59AEC}.ClangRelease|x64.Build.0 = ClangRelease|x64
		{83618B14-8AC5-49C1-B52B-F97AD8B59AEC}.Debug|x64.ActiveCfg = Debug|x64
		{83618B14-8AC5-49C1-B52B-F97AD8B59AEC}.Debug|x64.Build.0 = Debug|x64
		{83618B14-8AC5-49C1-B52B-F97AD8B59AEC}.IntelShipping|x64.ActiveCfg = IntelShipping|x64
		{83618B14-8AC5-49C1-B52B-F97AD8B59AEC}.IntelShipping|x64.Build.0 = IntelShipping|x64
		{83618B14-8AC5-49C1-B52B-F97AD8B59AEC}.oneAPIRelease|x64.ActiveCfg = oneAPIRelease|x64
		{83618B14-8AC5-49C1-B52B-F97AD8B59AEC}.oneAPIRelease|x64.Build.0 = oneAPIRelease|x64
		{83618B14-8AC5-49C1-B52B-F97AD8B59AEC}.Release|x64.ActiveCfg = Release|x64
		{83618B14-8AC5-49C1-B52B-F97AD8B59AEC}.Release|x64.Build.0 = Release|x64
	EndGlobalSection
	GlobalSection(SolutionProperties) = preSolution
		HideSolutionNode = FALSE
	EndGlobalSection
	GlobalSection(ExtensibilityGlobals) = postSolution
		SolutionGuid = {6C5DECCB-D301-4248-B1F5-3B1826458115}
	EndGlobalSection
EndGlobal
